<?xml version="1.0" encoding="UTF-8" standalone="yes" ?>
<CodeBlocks_project_file>
	<FileVersion major="1" minor="6" />
	<Project>
		<Option title="lab12_nowakowski" />
		<Option pch_mode="2" />
		<Option compiler="gcc" />
		<Build>
			<Target title="Debug">
				<Option output="bin/Debug/lab12_nowakowski" prefix_auto="1" extension_auto="1" />
				<Option object_output="obj/Debug/" />
				<Option type="1" />
				<Option compiler="gcc" />
				<Compiler>
					<Add option="-g" />
				</Compiler>
			</Target>
			<Target title="Release">
				<Option output="bin/Release/lab12_nowakowski" prefix_auto="1" extension_auto="1" />
				<Option object_output="obj/Release/" />
				<Option type="1" />
				<Option compiler="gcc" />
				<Compiler>
					<Add option="-O2" />
				</Compiler>
				<Linker>
					<Add option="-s" />
				</Linker>
			</Target>
		</Build>
		<Compiler>
			<Add option="-Wall" />
			<Add option="-fexceptions" />
		</Compiler>
		<Unit filename="additivgenerator.cpp" />
		<Unit filename="additivgenerator.h" />
		<Unit filename="csorttablica.cpp" />
		<Unit filename="csorttablica.h" />
		<Unit filename="ctablica.cpp" />
		<Unit filename="ctablica.h" />
		<Unit filename="file.cpp" />
		<Unit filename="file.h" />
		<Unit filename="fileexception.cpp" />
		<Unit filename="fileexception.h" />
		<Unit filename="input.cpp" />
		<Unit filename="input.h" />
		<Unit filename="inputexception.cpp" />
		<Unit filename="inputexception.h" />
		<Unit filename="lineargenerator.cpp" />
		<Unit filename="lineargenerator.h" />
		<Unit filename="main.cpp" />
		<Unit filename="menu.cpp" />
		<Unit filename="menu.h" />
		<Unit filename="shufflinggenerator.cpp" />
		<Unit filename="shufflinggenerator.h" />
		<Extensions>
			<code_completion />
			<envvars />
			<debugger />
			<lib_finder disable_auto="1" />
		</Extensions>
	</Project>
</CodeBlocks_project_file>
